
Microsoft Visual Studio Solution File, Format Version 12.00
# Visual Studio Version 17
VisualStudioVersion = 17.5.33414.496
MinimumVisualStudioVersion = 10.0.40219.1
Project("{9A19103F-16F7-4668-BE54-9A1E7A4F7556}") = "SimpleSetSketching", "SimpleSetSketching\SimpleSetSketching.csproj", "{E3CE5E6E-56BC-4340-BD9D-8E02FBBA30C0}"
EndProject
Project("{9A19103F-16F7-4668-BE54-9A1E7A4F7556}") = "Tests", "Tests\Tests.csproj", "{34424CB2-0163-4D13-A88B-84BB6DC892B1}"
EndProject
Project("{9A19103F-16F7-4668-BE54-9A1E7A4F7556}") = "SimpleSetSketchingBenchmarking", "SimpleSetSketchingBenchmarking\SimpleSetSketchingBenchmarking.csproj", "{E21884EB-7776-4949-B295-555A4E79BC83}"
EndProject
Project("{9A19103F-16F7-4668-BE54-9A1E7A4F7556}") = "LittleSharp", "..\LittleSharp\LittleSharp\LittleSharp.csproj", "{7DCF7F6E-9F13-483B-8C37-FC84D47E2928}"
EndProject
Project("{9A19103F-16F7-4668-BE54-9A1E7A4F7556}") = "LittleSharpTests", "..\LittleSharp\LittleSharpTests\LittleSharpTests.csproj", "{AED9BFC8-34FB-4E39-A948-9D05D0B6F73A}"
EndProject
Project("{9A19103F-16F7-4668-BE54-9A1E7A4F7556}") = "FlashHash", "..\FlashHash\FlashHash\FlashHash.csproj", "{DE2CA4F5-B069-4B1E-B75B-C15B23D5BCEB}"
EndProject
Global
	GlobalSection(SolutionConfigurationPlatforms) = preSolution
		Debug|Any CPU = Debug|Any CPU
		Release|Any CPU = Release|Any CPU
	EndGlobalSection
	GlobalSection(ProjectConfigurationPlatforms) = postSolution
		{E3CE5E6E-56BC-4340-BD9D-8E02FBBA30C0}.Debug|Any CPU.ActiveCfg = Debug|Any CPU
		{E3CE5E6E-56BC-4340-BD9D-8E02FBBA30C0}.Debug|Any CPU.Build.0 = Debug|Any CPU
		{E3CE5E6E-56BC-4340-BD9D-8E02FBBA30C0}.Release|Any CPU.ActiveCfg = Release|Any CPU
		{E3CE5E6E-56BC-4340-BD9D-8E02FBBA30C0}.Release|Any CPU.Build.0 = Release|Any CPU
		{34424CB2-0163-4D13-A88B-84BB6DC892B1}.Debug|Any CPU.ActiveCfg = Debug|Any CPU
		{34424CB2-0163-4D13-A88B-84BB6DC892B1}.Debug|Any CPU.Build.0 = Debug|Any CPU
		{34424CB2-0163-4D13-A88B-84BB6DC892B1}.Release|Any CPU.ActiveCfg = Release|Any CPU
		{34424CB2-0163-4D13-A88B-84BB6DC892B1}.Release|Any CPU.Build.0 = Release|Any CPU
		{E21884EB-7776-4949-B295-555A4E79BC83}.Debug|Any CPU.ActiveCfg = Debug|Any CPU
		{E21884EB-7776-4949-B295-555A4E79BC83}.Debug|Any CPU.Build.0 = Debug|Any CPU
		{E21884EB-7776-4949-B295-555A4E79BC83}.Release|Any CPU.ActiveCfg = Release|Any CPU
		{E21884EB-7776-4949-B295-555A4E79BC83}.Release|Any CPU.Build.0 = Release|Any CPU
		{7DCF7F6E-9F13-483B-8C37-FC84D47E2928}.Debug|Any CPU.ActiveCfg = Debug|Any CPU
		{7DCF7F6E-9F13-483B-8C37-FC84D47E2928}.Debug|Any CPU.Build.0 = Debug|Any CPU
		{7DCF7F6E-9F13-483B-8C37-FC84D47E2928}.Release|Any CPU.ActiveCfg = Release|Any CPU
		{7DCF7F6E-9F13-483B-8C37-FC84D47E2928}.Release|Any CPU.Build.0 = Release|Any CPU
		{AED9BFC8-34FB-4E39-A948-9D05D0B6F73A}.Debug|Any CPU.ActiveCfg = Debug|Any CPU
		{AED9BFC8-34FB-4E39-A948-9D05D0B6F73A}.Debug|Any CPU.Build.0 = Debug|Any CPU
		{AED9BFC8-34FB-4E39-A948-9D05D0B6F73A}.Release|Any CPU.ActiveCfg = Release|Any CPU
		{AED9BFC8-34FB-4E39-A948-9D05D0B6F73A}.Release|Any CPU.Build.0 = Release|Any CPU
		{DE2CA4F5-B069-4B1E-B75B-C15B23D5BCEB}.Debug|Any CPU.ActiveCfg = Debug|Any CPU
		{DE2CA4F5-B069-4B1E-B75B-C15B23D5BCEB}.Debug|Any CPU.Build.0 = Debug|Any CPU
		{DE2CA4F5-B069-4B1E-B75B-C15B23D5BCEB}.Release|Any CPU.ActiveCfg = Release|Any CPU
		{DE2CA4F5-B069-4B1E-B75B-C15B23D5BCEB}.Release|Any CPU.Build.0 = Release|Any CPU
	EndGlobalSection
	GlobalSection(SolutionProperties) = preSolution
		HideSolutionNode = FALSE
	EndGlobalSection
	GlobalSection(ExtensibilityGlobals) = postSolution
		SolutionGuid = {BB309A96-B00F-46FE-A694-CB3502680E01}
	EndGlobalSection
EndGlobal
